{
  "version": 4,
  "terraform_version": "1.8.1",
  "serial": 12,
  "lineage": "abc123",
  "format_version": "4",
  "resources": [
    {
      "mode": "managed",
      "type": "aws_vpc",
      "name": "main",
      "provider": "provider[\"registry.terraform.io/hashicorp/aws\"]",
      "instances": [
        {
          "provider_name": "registry.terraform.io/hashicorp/aws",
          "dependencies": [],
          "attributes": {
            "id": "vpc-0abc123",
            "cidr_block": "10.0.0.0/16",
            "arn": "arn:aws:ec2:us-east-1:111122223333:vpc/vpc-0abc123",
            "tags": { "Name": "main-vpc", "Environment": "prod" }
          }
        }
      ]
    },
    {
      "mode": "managed",
      "type": "aws_subnet",
      "name": "app",
      "provider": "provider[\"registry.terraform.io/hashicorp/aws\"]",
      "instances": [
        {
          "provider_name": "registry.terraform.io/hashicorp/aws",
          "dependencies": ["aws_vpc.main"],
          "attributes": {
            "id": "subnet-0def456",
            "vpc_id": "vpc-0abc123",
            "cidr_block": "10.0.1.0/24",
            "availability_zone": "us-east-1a",
            "tags": { "Name": "app-subnet" }
          }
        }
      ]
    },
    {
      "mode": "managed",
      "type": "aws_security_group",
      "name": "app",
      "provider": "provider[\"registry.terraform.io/hashicorp/aws\"]",
      "instances": [
        {
          "provider_name": "registry.terraform.io/hashicorp/aws",
          "dependencies": ["aws_vpc.main"],
          "attributes": {
            "id": "sg-0ghi789",
            "name": "app-sg",
            "vpc_id": "vpc-0abc123",
            "description": "App tier security group",
            "tags": { "Name": "app-sg" }
          }
        }
      ]
    },
    {
      "mode": "managed",
      "type": "aws_instance",
      "name": "app",
      "provider": "provider[\"registry.terraform.io/hashicorp/aws\"]",
      "instances": [
        {
          "provider_name": "registry.terraform.io/hashicorp/aws",
          "dependencies": ["aws_subnet.app", "aws_security_group.app"],
          "attributes": {
            "id": "i-0jkl012",
            "ami": "ami-0abcdef1234567890",
            "instance_type": "t3.medium",
            "availability_zone": "us-east-1a",
            "subnet_id": "subnet-0def456",
            "vpc_security_group_ids": ["sg-0ghi789"],
            "tags": { "Name": "app-server", "Environment": "prod" }
          }
        }
      ]
    },
    {
      "mode": "managed",
      "type": "aws_s3_bucket",
      "name": "artifacts",
      "provider": "provider[\"registry.terraform.io/hashicorp/aws\"]",
      "instances": [
        {
          "provider_name": "registry.terraform.io/hashicorp/aws",
          "dependencies": [],
          "attributes": {
            "id": "my-app-artifacts-bucket",
            "bucket": "my-app-artifacts-bucket",
            "region": "us-east-1",
            "arn": "arn:aws:s3:::my-app-artifacts-bucket",
            "tags": { "Purpose": "build-artifacts" }
          }
        }
      ]
    },
    {
      "mode": "managed",
      "type": "aws_iam_role",
      "name": "app_role",
      "provider": "provider[\"registry.terraform.io/hashicorp/aws\"]",
      "instances": [
        {
          "provider_name": "registry.terraform.io/hashicorp/aws",
          "dependencies": [],
          "attributes": {
            "id": "app-execution-role",
            "name": "app-execution-role",
            "arn": "arn:aws:iam::111122223333:role/app-execution-role",
            "tags": {}
          }
        }
      ]
    },
    {
      "mode": "data",
      "type": "aws_ami",
      "name": "latest",
      "provider": "provider[\"registry.terraform.io/hashicorp/aws\"]",
      "instances": [
        {
          "attributes": {
            "id": "ami-0abcdef1234567890"
          }
        }
      ]
    }
  ]
}
