{
  "version": 4,
  "terraform_version": "1.8.1",
  "serial": 47,
  "lineage": "complex-stress-test-001",
  "format_version": "4",
  "resources": [
    {
      "mode": "managed",
      "type": "aws_vpc",
      "name": "main",
      "provider": "provider[\"registry.terraform.io/hashicorp/aws\"]",
      "instances": [
        {
          "provider_name": "registry.terraform.io/hashicorp/aws",
          "dependencies": [],
          "attributes": {
            "id": "vpc-main001",
            "cidr_block": "10.0.0.0/16",
            "arn": "arn:aws:ec2:us-east-1:111122223333:vpc/vpc-main001",
            "tags": { "Name": "main-vpc", "Environment": "prod", "Owner": "platform-team" }
          }
        }
      ]
    },
    {
      "mode": "managed",
      "type": "aws_vpc",
      "name": "secondary",
      "provider": "provider[\"registry.terraform.io/hashicorp/aws\"]",
      "instances": [
        {
          "provider_name": "registry.terraform.io/hashicorp/aws",
          "dependencies": [],
          "attributes": {
            "id": "vpc-secondary002",
            "cidr_block": "10.1.0.0/16",
            "arn": "arn:aws:ec2:us-east-1:111122223333:vpc/vpc-secondary002",
            "tags": { "Name": "secondary-vpc", "Environment": "prod", "Owner": "data-team" }
          }
        }
      ]
    },
    {
      "mode": "managed",
      "type": "aws_vpc",
      "name": "dr",
      "provider": "provider[\"registry.terraform.io/hashicorp/aws\"]",
      "instances": [
        {
          "provider_name": "registry.terraform.io/hashicorp/aws",
          "dependencies": [],
          "attributes": {
            "id": "vpc-dr003",
            "cidr_block": "10.2.0.0/16",
            "arn": "arn:aws:ec2:us-west-2:111122223333:vpc/vpc-dr003",
            "tags": { "Name": "dr-vpc", "Environment": "dr", "Owner": "platform-team" }
          }
        }
      ]
    },
    {
      "mode": "managed",
      "type": "aws_subnet",
      "name": "main_app_a",
      "provider": "provider[\"registry.terraform.io/hashicorp/aws\"]",
      "instances": [
        {
          "provider_name": "registry.terraform.io/hashicorp/aws",
          "dependencies": ["aws_vpc.main"],
          "attributes": {
            "id": "subnet-mainappa",
            "vpc_id": "vpc-main001",
            "cidr_block": "10.0.1.0/24",
            "availability_zone": "us-east-1a",
            "tags": { "Name": "main-app-a", "Environment": "prod" }
          }
        }
      ]
    },
    {
      "mode": "managed",
      "type": "aws_subnet",
      "name": "main_app_b",
      "provider": "provider[\"registry.terraform.io/hashicorp/aws\"]",
      "instances": [
        {
          "provider_name": "registry.terraform.io/hashicorp/aws",
          "dependencies": ["aws_vpc.main"],
          "attributes": {
            "id": "subnet-mainappb",
            "vpc_id": "vpc-main001",
            "cidr_block": "10.0.2.0/24",
            "availability_zone": "us-east-1b",
            "tags": { "Name": "main-app-b", "Environment": "prod" }
          }
        }
      ]
    },
    {
      "mode": "managed",
      "type": "aws_subnet",
      "name": "secondary_db_a",
      "provider": "provider[\"registry.terraform.io/hashicorp/aws\"]",
      "instances": [
        {
          "provider_name": "registry.terraform.io/hashicorp/aws",
          "dependencies": ["aws_vpc.secondary"],
          "attributes": {
            "id": "subnet-secdba",
            "vpc_id": "vpc-secondary002",
            "cidr_block": "10.1.1.0/24",
            "availability_zone": "us-east-1a",
            "tags": { "Name": "secondary-db-a", "Environment": "prod" }
          }
        }
      ]
    },
    {
      "mode": "managed",
      "type": "aws_subnet",
      "name": "secondary_db_b",
      "provider": "provider[\"registry.terraform.io/hashicorp/aws\"]",
      "instances": [
        {
          "provider_name": "registry.terraform.io/hashicorp/aws",
          "dependencies": ["aws_vpc.secondary"],
          "attributes": {
            "id": "subnet-secdbb",
            "vpc_id": "vpc-secondary002",
            "cidr_block": "10.1.2.0/24",
            "availability_zone": "us-east-1b",
            "tags": { "Name": "secondary-db-b", "Environment": "prod" }
          }
        }
      ]
    },
    {
      "mode": "managed",
      "type": "aws_subnet",
      "name": "dr_app_a",
      "provider": "provider[\"registry.terraform.io/hashicorp/aws\"]",
      "instances": [
        {
          "provider_name": "registry.terraform.io/hashicorp/aws",
          "dependencies": ["aws_vpc.dr"],
          "attributes": {
            "id": "subnet-drappa",
            "vpc_id": "vpc-dr003",
            "cidr_block": "10.2.1.0/24",
            "availability_zone": "us-west-2a",
            "tags": { "Name": "dr-app-a", "Environment": "dr" }
          }
        }
      ]
    },
    {
      "mode": "managed",
      "type": "aws_subnet",
      "name": "dr_app_b",
      "provider": "provider[\"registry.terraform.io/hashicorp/aws\"]",
      "instances": [
        {
          "provider_name": "registry.terraform.io/hashicorp/aws",
          "dependencies": ["aws_vpc.dr"],
          "attributes": {
            "id": "subnet-drappb",
            "vpc_id": "vpc-dr003",
            "cidr_block": "10.2.2.0/24",
            "availability_zone": "us-west-2b",
            "tags": { "Name": "dr-app-b", "Environment": "dr" }
          }
        }
      ]
    },
    {
      "mode": "managed",
      "type": "aws_security_group",
      "name": "app",
      "provider": "provider[\"registry.terraform.io/hashicorp/aws\"]",
      "instances": [
        {
          "provider_name": "registry.terraform.io/hashicorp/aws",
          "dependencies": ["aws_vpc.main"],
          "attributes": {
            "id": "sg-app001",
            "name": "app-sg",
            "vpc_id": "vpc-main001",
            "description": "App tier security group",
            "ingress": [
              { "from_port": 443, "to_port": 443, "protocol": "tcp", "cidr_blocks": ["0.0.0.0/0"] },
              { "from_port": 22, "to_port": 22, "protocol": "tcp", "cidr_blocks": ["10.0.0.0/8"] }
            ],
            "tags": { "Name": "app-sg", "Environment": "prod" }
          }
        }
      ]
    },
    {
      "mode": "managed",
      "type": "aws_security_group",
      "name": "db",
      "provider": "provider[\"registry.terraform.io/hashicorp/aws\"]",
      "instances": [
        {
          "provider_name": "registry.terraform.io/hashicorp/aws",
          "dependencies": ["aws_vpc.secondary"],
          "attributes": {
            "id": "sg-db002",
            "name": "db-sg",
            "vpc_id": "vpc-secondary002",
            "description": "Database tier security group",
            "ingress": [
              { "from_port": 5432, "to_port": 5432, "protocol": "tcp", "cidr_blocks": ["10.0.0.0/8"] },
              { "from_port": 3306, "to_port": 3306, "protocol": "tcp", "cidr_blocks": ["10.0.0.0/8"] }
            ],
            "tags": { "Name": "db-sg", "Environment": "prod" }
          }
        }
      ]
    },
    {
      "mode": "managed",
      "type": "aws_instance",
      "name": "web_small",
      "provider": "provider[\"registry.terraform.io/hashicorp/aws\"]",
      "instances": [
        {
          "provider_name": "registry.terraform.io/hashicorp/aws",
          "dependencies": ["aws_subnet.main_app_a", "aws_security_group.app"],
          "attributes": {
            "id": "i-webA0001",
            "ami": "ami-0abcdef1234567890",
            "instance_type": "t3.micro",
            "availability_zone": "us-east-1a",
            "subnet_id": "subnet-mainappa",
            "vpc_security_group_ids": ["sg-app001"],
            "map_public_ip_on_launch": true,
            "tags": { "Name": "web-small", "Environment": "prod" }
          }
        }
      ]
    },
    {
      "mode": "managed",
      "type": "aws_instance",
      "name": "web_medium",
      "provider": "provider[\"registry.terraform.io/hashicorp/aws\"]",
      "instances": [
        {
          "provider_name": "registry.terraform.io/hashicorp/aws",
          "dependencies": ["aws_subnet.main_app_b", "aws_security_group.app"],
          "attributes": {
            "id": "i-webB0002",
            "ami": "ami-0abcdef1234567890",
            "instance_type": "t3.medium",
            "availability_zone": "us-east-1b",
            "subnet_id": "subnet-mainappb",
            "vpc_security_group_ids": ["sg-app001"],
            "tags": { "Name": "web-medium", "Environment": "prod" }
          }
        }
      ]
    },
    {
      "mode": "managed",
      "type": "aws_instance",
      "name": "batch_large",
      "provider": "provider[\"registry.terraform.io/hashicorp/aws\"]",
      "instances": [
        {
          "provider_name": "registry.terraform.io/hashicorp/aws",
          "dependencies": ["aws_subnet.main_app_a", "aws_security_group.app"],
          "attributes": {
            "id": "i-batchC0003",
            "ami": "ami-0abcdef1234567890",
            "instance_type": "m5.large",
            "availability_zone": "us-east-1a",
            "subnet_id": "subnet-mainappa",
            "vpc_security_group_ids": ["sg-app001"],
            "tags": { "Name": "batch-large", "Environment": "prod" }
          }
        }
      ]
    },
    {
      "mode": "managed",
      "type": "aws_instance",
      "name": "analytics_xlarge",
      "provider": "provider[\"registry.terraform.io/hashicorp/aws\"]",
      "instances": [
        {
          "provider_name": "registry.terraform.io/hashicorp/aws",
          "dependencies": ["aws_subnet.main_app_b", "aws_security_group.app"],
          "attributes": {
            "id": "i-analyticsD0004",
            "ami": "ami-0abcdef1234567890",
            "instance_type": "r5.xlarge",
            "availability_zone": "us-east-1b",
            "subnet_id": "subnet-mainappb",
            "vpc_security_group_ids": ["sg-app001"],
            "tags": { "Name": "analytics-xlarge", "Environment": "prod" }
          }
        }
      ]
    },
    {
      "mode": "managed",
      "type": "aws_db_instance",
      "name": "mysql_primary",
      "provider": "provider[\"registry.terraform.io/hashicorp/aws\"]",
      "instances": [
        {
          "provider_name": "registry.terraform.io/hashicorp/aws",
          "dependencies": ["aws_subnet.secondary_db_a", "aws_security_group.db"],
          "attributes": {
            "id": "db-mysql-primary",
            "engine": "mysql",
            "engine_version": "8.0",
            "instance_class": "db.r5.large",
            "availability_zone": "us-east-1a",
            "vpc_security_group_ids": ["sg-db002"],
            "storage_encrypted": true,
            "kms_key_id": "arn:aws:kms:us-east-1:111122223333:key/mysql-key",
            "multi_az": true,
            "publicly_accessible": false,
            "tags": { "Name": "mysql-primary", "Environment": "prod", "Owner": "data-team" }
          }
        }
      ]
    },
    {
      "mode": "managed",
      "type": "aws_db_instance",
      "name": "postgres_primary",
      "provider": "provider[\"registry.terraform.io/hashicorp/aws\"]",
      "instances": [
        {
          "provider_name": "registry.terraform.io/hashicorp/aws",
          "dependencies": ["aws_subnet.secondary_db_b", "aws_security_group.db"],
          "attributes": {
            "id": "db-postgres-primary",
            "engine": "postgres",
            "engine_version": "15.4",
            "instance_class": "db.r5.large",
            "availability_zone": "us-east-1b",
            "vpc_security_group_ids": ["sg-db002"],
            "storage_encrypted": false,
            "multi_az": false,
            "publicly_accessible": false,
            "tags": { "Name": "postgres-primary", "Environment": "prod", "Owner": "data-team" }
          }
        }
      ]
    },
    {
      "mode": "managed",
      "type": "aws_s3_bucket",
      "name": "artifacts",
      "provider": "provider[\"registry.terraform.io/hashicorp/aws\"]",
      "instances": [
        {
          "provider_name": "registry.terraform.io/hashicorp/aws",
          "dependencies": [],
          "attributes": {
            "id": "cf-build-artifacts-bucket",
            "bucket": "cf-build-artifacts-bucket",
            "region": "us-east-1",
            "arn": "arn:aws:s3:::cf-build-artifacts-bucket",
            "server_side_encryption_configuration": { "rule": { "apply_server_side_encryption_by_default": { "sse_algorithm": "AES256" } } },
            "tags": { "Purpose": "build-artifacts", "Environment": "prod" }
          }
        }
      ]
    },
    {
      "mode": "managed",
      "type": "aws_s3_bucket",
      "name": "data_lake",
      "provider": "provider[\"registry.terraform.io/hashicorp/aws\"]",
      "instances": [
        {
          "provider_name": "registry.terraform.io/hashicorp/aws",
          "dependencies": [],
          "attributes": {
            "id": "cf-data-lake-bucket",
            "bucket": "cf-data-lake-bucket",
            "region": "us-east-1",
            "arn": "arn:aws:s3:::cf-data-lake-bucket",
            "lifecycle_rule": [
              { "id": "archive-old-data", "enabled": true, "transition": [{ "days": 90, "storage_class": "GLACIER" }] }
            ],
            "tags": { "Purpose": "data-lake", "Environment": "prod", "Owner": "data-team" }
          }
        }
      ]
    },
    {
      "mode": "managed",
      "type": "aws_s3_bucket",
      "name": "dr_replica",
      "provider": "provider[\"registry.terraform.io/hashicorp/aws\"]",
      "instances": [
        {
          "provider_name": "registry.terraform.io/hashicorp/aws",
          "dependencies": [],
          "attributes": {
            "id": "cf-dr-replica-bucket",
            "bucket": "cf-dr-replica-bucket",
            "region": "us-west-2",
            "arn": "arn:aws:s3:::cf-dr-replica-bucket",
            "replication_configuration": { "role": "arn:aws:iam::111122223333:role/s3-replication-role", "rules": [{ "id": "replicate-all", "status": "Enabled", "destination": { "bucket": "arn:aws:s3:::cf-data-lake-bucket" } }] },
            "tags": { "Purpose": "dr-replica", "Environment": "dr" }
          }
        }
      ]
    },
    {
      "mode": "managed",
      "type": "aws_lambda_function",
      "name": "api_handler",
      "provider": "provider[\"registry.terraform.io/hashicorp/aws\"]",
      "instances": [
        {
          "provider_name": "registry.terraform.io/hashicorp/aws",
          "dependencies": ["aws_iam_role.lambda_exec"],
          "attributes": {
            "id": "api-handler-fn",
            "function_name": "api-handler-fn",
            "runtime": "python3.12",
            "handler": "app.handler",
            "memory_size": 256,
            "timeout": 15,
            "role": "arn:aws:iam::111122223333:role/lambda-execution-role",
            "tags": { "Environment": "prod" }
          }
        }
      ]
    },
    {
      "mode": "managed",
      "type": "aws_lambda_function",
      "name": "event_processor",
      "provider": "provider[\"registry.terraform.io/hashicorp/aws\"]",
      "instances": [
        {
          "provider_name": "registry.terraform.io/hashicorp/aws",
          "dependencies": ["aws_iam_role.lambda_exec", "aws_sqs_queue.task_queue"],
          "attributes": {
            "id": "event-processor-fn",
            "function_name": "event-processor-fn",
            "runtime": "python3.12",
            "handler": "worker.handler",
            "memory_size": 512,
            "timeout": 60,
            "role": "arn:aws:iam::111122223333:role/lambda-execution-role",
            "tags": { "Environment": "prod" }
          }
        }
      ]
    },
    {
      "mode": "managed",
      "type": "aws_eks_cluster",
      "name": "platform",
      "provider": "provider[\"registry.terraform.io/hashicorp/aws\"]",
      "instances": [
        {
          "provider_name": "registry.terraform.io/hashicorp/aws",
          "dependencies": ["aws_subnet.main_app_a", "aws_subnet.main_app_b"],
          "attributes": {
            "id": "platform-eks",
            "name": "platform-eks",
            "version": "1.29",
            "vpc_config": { "subnet_ids": ["subnet-mainappa", "subnet-mainappb"] },
            "tags": { "Name": "platform-eks", "Environment": "prod" }
          }
        }
      ]
    },
    {
      "mode": "managed",
      "type": "aws_iam_role",
      "name": "s3_reader",
      "provider": "provider[\"registry.terraform.io/hashicorp/aws\"]",
      "instances": [
        {
          "provider_name": "registry.terraform.io/hashicorp/aws",
          "dependencies": [],
          "attributes": {
            "id": "app-s3-reader-role",
            "name": "app-s3-reader-role",
            "arn": "arn:aws:iam::111122223333:role/app-s3-reader-role",
            "tags": { "Environment": "prod" }
          }
        }
      ]
    },
    {
      "mode": "managed",
      "type": "aws_iam_role",
      "name": "lambda_exec",
      "provider": "provider[\"registry.terraform.io/hashicorp/aws\"]",
      "instances": [
        {
          "provider_name": "registry.terraform.io/hashicorp/aws",
          "dependencies": [],
          "attributes": {
            "id": "lambda-execution-role",
            "name": "lambda-execution-role",
            "arn": "arn:aws:iam::111122223333:role/lambda-execution-role",
            "tags": { "Environment": "prod" }
          }
        }
      ]
    },
    {
      "mode": "managed",
      "type": "aws_iam_role_policy_attachment",
      "name": "s3_reader_attach",
      "provider": "provider[\"registry.terraform.io/hashicorp/aws\"]",
      "instances": [
        {
          "provider_name": "registry.terraform.io/hashicorp/aws",
          "dependencies": ["aws_iam_role.s3_reader"],
          "attributes": {
            "id": "app-s3-reader-role-20240101000000000000000001",
            "role": "app-s3-reader-role",
            "policy_arn": "arn:aws:iam::aws:policy/AmazonS3ReadOnlyAccess"
          }
        }
      ]
    },
    {
      "mode": "managed",
      "type": "aws_iam_role_policy_attachment",
      "name": "lambda_exec_attach",
      "provider": "provider[\"registry.terraform.io/hashicorp/aws\"]",
      "instances": [
        {
          "provider_name": "registry.terraform.io/hashicorp/aws",
          "dependencies": ["aws_iam_role.lambda_exec"],
          "attributes": {
            "id": "lambda-execution-role-20240101000000000000000002",
            "role": "lambda-execution-role",
            "policy_arn": "arn:aws:iam::aws:policy/service-role/AWSLambdaBasicExecutionRole"
          }
        }
      ]
    },
    {
      "mode": "managed",
      "type": "aws_elasticache_cluster",
      "name": "redis_session",
      "provider": "provider[\"registry.terraform.io/hashicorp/aws\"]",
      "instances": [
        {
          "provider_name": "registry.terraform.io/hashicorp/aws",
          "dependencies": ["aws_subnet.main_app_a", "aws_subnet.main_app_b"],
          "attributes": {
            "id": "redis-session-cache",
            "cluster_id": "redis-session-cache",
            "engine": "redis",
            "engine_version": "7.1",
            "node_type": "cache.r6g.large",
            "num_cache_nodes": 2,
            "availability_zone": "us-east-1a",
            "tags": { "Name": "redis-session-cache", "Environment": "prod" }
          }
        }
      ]
    },
    {
      "mode": "managed",
      "type": "aws_lb",
      "name": "app",
      "provider": "provider[\"registry.terraform.io/hashicorp/aws\"]",
      "instances": [
        {
          "provider_name": "registry.terraform.io/hashicorp/aws",
          "dependencies": ["aws_subnet.main_app_a", "aws_subnet.main_app_b", "aws_security_group.app"],
          "attributes": {
            "id": "app-alb",
            "name": "app-alb",
            "load_balancer_type": "application",
            "internal": false,
            "region": "us-east-1",
            "subnets": ["subnet-mainappa", "subnet-mainappb"],
            "security_groups": ["sg-app001"],
            "tags": { "Name": "app-alb", "Environment": "prod" }
          }
        }
      ]
    },
    {
      "mode": "managed",
      "type": "aws_sns_topic",
      "name": "notifications",
      "provider": "provider[\"registry.terraform.io/hashicorp/aws\"]",
      "instances": [
        {
          "provider_name": "registry.terraform.io/hashicorp/aws",
          "dependencies": [],
          "attributes": {
            "id": "arn:aws:sns:us-east-1:111122223333:app-notifications",
            "name": "app-notifications",
            "tags": { "Environment": "prod" }
          }
        }
      ]
    },
    {
      "mode": "managed",
      "type": "aws_sqs_queue",
      "name": "task_queue",
      "provider": "provider[\"registry.terraform.io/hashicorp/aws\"]",
      "instances": [
        {
          "provider_name": "registry.terraform.io/hashicorp/aws",
          "dependencies": [],
          "attributes": {
            "id": "https://sqs.us-east-1.amazonaws.com/111122223333/task-queue",
            "name": "task-queue",
            "arn": "arn:aws:sqs:us-east-1:111122223333:task-queue",
            "tags": { "Environment": "prod" }
          }
        }
      ]
    },
    {
      "mode": "data",
      "type": "aws_ami",
      "name": "latest",
      "provider": "provider[\"registry.terraform.io/hashicorp/aws\"]",
      "instances": [
        {
          "attributes": {
            "id": "ami-0abcdef1234567890"
          }
        }
      ]
    }
  ]
}
