{
  "version": 4,
  "terraform_version": "1.8.1",
  "serial": 8,
  "lineage": "gcp-sample-001",
  "format_version": "4",
  "resources": [
    {
      "mode": "managed",
      "type": "google_compute_network",
      "name": "main",
      "provider": "provider[\"registry.terraform.io/hashicorp/google\"]",
      "instances": [
        {
          "provider_name": "registry.terraform.io/hashicorp/google",
          "dependencies": [],
          "attributes": {
            "id": "main-network",
            "name": "main-network",
            "auto_create_subnetworks": false,
            "project": "my-gcp-project",
            "self_link": "https://www.googleapis.com/compute/v1/projects/my-gcp-project/global/networks/main-network"
          }
        }
      ]
    },
    {
      "mode": "managed",
      "type": "google_compute_subnetwork",
      "name": "app",
      "provider": "provider[\"registry.terraform.io/hashicorp/google\"]",
      "instances": [
        {
          "provider_name": "registry.terraform.io/hashicorp/google",
          "dependencies": ["google_compute_network.main"],
          "attributes": {
            "id": "app-subnet",
            "name": "app-subnet",
            "ip_cidr_range": "10.0.1.0/24",
            "region": "us-central1",
            "network": "projects/my-gcp-project/global/networks/main-network",
            "project": "my-gcp-project"
          }
        }
      ]
    },
    {
      "mode": "managed",
      "type": "google_compute_firewall",
      "name": "app",
      "provider": "provider[\"registry.terraform.io/hashicorp/google\"]",
      "instances": [
        {
          "provider_name": "registry.terraform.io/hashicorp/google",
          "dependencies": ["google_compute_network.main"],
          "attributes": {
            "id": "app-firewall",
            "name": "app-firewall",
            "network": "main-network",
            "allow": [
              { "protocol": "tcp", "ports": ["443", "80"] }
            ],
            "source_ranges": ["0.0.0.0/0"],
            "project": "my-gcp-project"
          }
        }
      ]
    },
    {
      "mode": "managed",
      "type": "google_compute_instance",
      "name": "app",
      "provider": "provider[\"registry.terraform.io/hashicorp/google\"]",
      "instances": [
        {
          "provider_name": "registry.terraform.io/hashicorp/google",
          "dependencies": ["google_compute_subnetwork.app", "google_compute_firewall.app"],
          "attributes": {
            "id": "app-server",
            "name": "app-server",
            "machine_type": "e2-medium",
            "zone": "us-central1-a",
            "labels": { "environment": "prod", "app": "web-api" },
            "project": "my-gcp-project"
          }
        }
      ]
    },
    {
      "mode": "managed",
      "type": "google_storage_bucket",
      "name": "artifacts",
      "provider": "provider[\"registry.terraform.io/hashicorp/google\"]",
      "instances": [
        {
          "provider_name": "registry.terraform.io/hashicorp/google",
          "dependencies": [],
          "attributes": {
            "id": "my-gcp-artifacts-bucket",
            "name": "my-gcp-artifacts-bucket",
            "location": "US",
            "uniform_bucket_level_access": true,
            "project": "my-gcp-project"
          }
        }
      ]
    },
    {
      "mode": "managed",
      "type": "google_service_account",
      "name": "app",
      "provider": "provider[\"registry.terraform.io/hashicorp/google\"]",
      "instances": [
        {
          "provider_name": "registry.terraform.io/hashicorp/google",
          "dependencies": [],
          "attributes": {
            "id": "app-service-account",
            "account_id": "app-service-account",
            "display_name": "App Service Account",
            "project": "my-gcp-project",
            "email": "app-service-account@my-gcp-project.iam.gserviceaccount.com"
          }
        }
      ]
    }
  ]
}
